
Microsoft Visual Studio Solution File, Format Version 12.00
# Visual Studio Version 16
VisualStudioVersion = 16.0.30907.101
MinimumVisualStudioVersion = 10.0.40219.1
Project("{FAE04EC0-301F-11D3-BF4B-00C04F79EFBC}") = "Task1", "Task1\Task1.csproj", "{FAC30E27-770B-44DD-86FE-E3DE91109F65}"
EndProject
Project("{FAE04EC0-301F-11D3-BF4B-00C04F79EFBC}") = "Task3", "Task3\Task3.csproj", "{FEBB7756-2654-47EF-B729-A6EB1A9D94BD}"
EndProject
Project("{FAE04EC0-301F-11D3-BF4B-00C04F79EFBC}") = "Task5", "Task5\Task5.csproj", "{4EABA8F2-379B-4A02-9D11-0D6086CB4C94}"
EndProject
Global
	GlobalSection(SolutionConfigurationPlatforms) = preSolution
		Debug|Any CPU = Debug|Any CPU
		Release|Any CPU = Release|Any CPU
	EndGlobalSection
	GlobalSection(ProjectConfigurationPlatforms) = postSolution
		{FAC30E27-770B-44DD-86FE-E3DE91109F65}.Debug|Any CPU.ActiveCfg = Debug|Any CPU
		{FAC30E27-770B-44DD-86FE-E3DE91109F65}.Debug|Any CPU.Build.0 = Debug|Any CPU
		{FAC30E27-770B-44DD-86FE-E3DE91109F65}.Release|Any CPU.ActiveCfg = Release|Any CPU
		{FAC30E27-770B-44DD-86FE-E3DE91109F65}.Release|Any CPU.Build.0 = Release|Any CPU
		{FEBB7756-2654-47EF-B729-A6EB1A9D94BD}.Debug|Any CPU.ActiveCfg = Debug|Any CPU
		{FEBB7756-2654-47EF-B729-A6EB1A9D94BD}.Debug|Any CPU.Build.0 = Debug|Any CPU
		{FEBB7756-2654-47EF-B729-A6EB1A9D94BD}.Release|Any CPU.ActiveCfg = Release|Any CPU
		{FEBB7756-2654-47EF-B729-A6EB1A9D94BD}.Release|Any CPU.Build.0 = Release|Any CPU
		{4EABA8F2-379B-4A02-9D11-0D6086CB4C94}.Debug|Any CPU.ActiveCfg = Debug|Any CPU
		{4EABA8F2-379B-4A02-9D11-0D6086CB4C94}.Debug|Any CPU.Build.0 = Debug|Any CPU
		{4EABA8F2-379B-4A02-9D11-0D6086CB4C94}.Release|Any CPU.ActiveCfg = Release|Any CPU
		{4EABA8F2-379B-4A02-9D11-0D6086CB4C94}.Release|Any CPU.Build.0 = Release|Any CPU
	EndGlobalSection
	GlobalSection(SolutionProperties) = preSolution
		HideSolutionNode = FALSE
	EndGlobalSection
	GlobalSection(ExtensibilityGlobals) = postSolution
		SolutionGuid = {3F857FAF-3282-476F-820A-1BA665348B7F}
	EndGlobalSection
EndGlobal
